
Microsoft Visual Studio Solution File, Format Version 12.00
# Visual Studio 2013
VisualStudioVersion = 12.0.30723.0
MinimumVisualStudioVersion = 10.0.40219.1
Project("{FAE04EC0-301F-11D3-BF4B-00C04F79EFBC}") = "MyHBIOD", "MyHBIOD\MyHBIOD.csproj", "{066E3A46-9FA2-4234-A9B4-34D767E650EA}"
EndProject
Project("{FAE04EC0-301F-11D3-BF4B-00C04F79EFBC}") = "MySetting", "MySetting\MySetting.csproj", "{806C8AE7-4E83-4BFB-A76B-A77EB11EB262}"
EndProject
Project("{FAE04EC0-301F-11D3-BF4B-00C04F79EFBC}") = "MyAdmin", "MyAdmin\MyAdmin.csproj", "{1D3C458C-280F-46C2-A1FC-EA9B74F1FB8C}"
EndProject
Global
	GlobalSection(SolutionConfigurationPlatforms) = preSolution
		Debug|Any CPU = Debug|Any CPU
		Release|Any CPU = Release|Any CPU
	EndGlobalSection
	GlobalSection(ProjectConfigurationPlatforms) = postSolution
		{066E3A46-9FA2-4234-A9B4-34D767E650EA}.Debug|Any CPU.ActiveCfg = Debug|Any CPU
		{066E3A46-9FA2-4234-A9B4-34D767E650EA}.Debug|Any CPU.Build.0 = Debug|Any CPU
		{066E3A46-9FA2-4234-A9B4-34D767E650EA}.Release|Any CPU.ActiveCfg = Release|Any CPU
		{066E3A46-9FA2-4234-A9B4-34D767E650EA}.Release|Any CPU.Build.0 = Release|Any CPU
		{806C8AE7-4E83-4BFB-A76B-A77EB11EB262}.Debug|Any CPU.ActiveCfg = Debug|Any CPU
		{806C8AE7-4E83-4BFB-A76B-A77EB11EB262}.Debug|Any CPU.Build.0 = Debug|Any CPU
		{806C8AE7-4E83-4BFB-A76B-A77EB11EB262}.Release|Any CPU.ActiveCfg = Release|Any CPU
		{806C8AE7-4E83-4BFB-A76B-A77EB11EB262}.Release|Any CPU.Build.0 = Release|Any CPU
		{1D3C458C-280F-46C2-A1FC-EA9B74F1FB8C}.Debug|Any CPU.ActiveCfg = Debug|Any CPU
		{1D3C458C-280F-46C2-A1FC-EA9B74F1FB8C}.Debug|Any CPU.Build.0 = Debug|Any CPU
		{1D3C458C-280F-46C2-A1FC-EA9B74F1FB8C}.Release|Any CPU.ActiveCfg = Release|Any CPU
		{1D3C458C-280F-46C2-A1FC-EA9B74F1FB8C}.Release|Any CPU.Build.0 = Release|Any CPU
	EndGlobalSection
	GlobalSection(SolutionProperties) = preSolution
		HideSolutionNode = FALSE
	EndGlobalSection
EndGlobal
